
Microsoft Visual Studio Solution File, Format Version 12.00
# Visual Studio Version 17
VisualStudioVersion = 17.1.31911.260
MinimumVisualStudioVersion = 15.0.26124.0
Project("{9A19103F-16F7-4668-BE54-9A1E7A4F7556}") = "Abstractions", "Abstractions.csproj", "{30E4121B-D6D0-42BE-801F-A5BCF248E5E6}"
EndProject
Project("{2150E333-8FDC-42A3-9474-1A3956D46DE8}") = "samples", "samples", "{41189105-483A-4DEC-92EC-AFC98BCF72CA}"
EndProject
Project("{9A19103F-16F7-4668-BE54-9A1E7A4F7556}") = "Hello Quad", "Hello Quad\Hello Quad.csproj", "{63A2F589-4D07-4FEE-A7F1-B7765B164DF2}"
EndProject
Project("{9A19103F-16F7-4668-BE54-9A1E7A4F7556}") = "Helo Quad Abstractions", "Helo Quad Abstractions\Helo Quad Abstractions.csproj", "{45814BB2-19EB-4731-8F6C-B934D8DAA196}"
EndProject
Project("{9A19103F-16F7-4668-BE54-9A1E7A4F7556}") = "Model Loading", "Model Loading\Model Loading.csproj", "{B6B9177A-0270-41EE-AB2B-720B9C810E27}"
EndProject
Project("{9A19103F-16F7-4668-BE54-9A1E7A4F7556}") = "Model.Sdk", "Model.Sdk\Model.Sdk.csproj", "{16DACD5B-B278-4DB5-8251-3F5FD098E54C}"
EndProject
Global
	GlobalSection(SolutionConfigurationPlatforms) = preSolution
		Debug|Any CPU = Debug|Any CPU
		Debug|x64 = Debug|x64
		Debug|x86 = Debug|x86
		Release|Any CPU = Release|Any CPU
		Release|x64 = Release|x64
		Release|x86 = Release|x86
	EndGlobalSection
	GlobalSection(ProjectConfigurationPlatforms) = postSolution
		{30E4121B-D6D0-42BE-801F-A5BCF248E5E6}.Debug|Any CPU.ActiveCfg = Debug|Any CPU
		{30E4121B-D6D0-42BE-801F-A5BCF248E5E6}.Debug|Any CPU.Build.0 = Debug|Any CPU
		{30E4121B-D6D0-42BE-801F-A5BCF248E5E6}.Debug|x64.ActiveCfg = Debug|Any CPU
		{30E4121B-D6D0-42BE-801F-A5BCF248E5E6}.Debug|x64.Build.0 = Debug|Any CPU
		{30E4121B-D6D0-42BE-801F-A5BCF248E5E6}.Debug|x86.ActiveCfg = Debug|Any CPU
		{30E4121B-D6D0-42BE-801F-A5BCF248E5E6}.Debug|x86.Build.0 = Debug|Any CPU
		{30E4121B-D6D0-42BE-801F-A5BCF248E5E6}.Release|Any CPU.ActiveCfg = Release|Any CPU
		{30E4121B-D6D0-42BE-801F-A5BCF248E5E6}.Release|Any CPU.Build.0 = Release|Any CPU
		{30E4121B-D6D0-42BE-801F-A5BCF248E5E6}.Release|x64.ActiveCfg = Release|Any CPU
		{30E4121B-D6D0-42BE-801F-A5BCF248E5E6}.Release|x64.Build.0 = Release|Any CPU
		{30E4121B-D6D0-42BE-801F-A5BCF248E5E6}.Release|x86.ActiveCfg = Release|Any CPU
		{30E4121B-D6D0-42BE-801F-A5BCF248E5E6}.Release|x86.Build.0 = Release|Any CPU
		{63A2F589-4D07-4FEE-A7F1-B7765B164DF2}.Debug|Any CPU.ActiveCfg = Debug|Any CPU
		{63A2F589-4D07-4FEE-A7F1-B7765B164DF2}.Debug|Any CPU.Build.0 = Debug|Any CPU
		{63A2F589-4D07-4FEE-A7F1-B7765B164DF2}.Debug|x64.ActiveCfg = Debug|Any CPU
		{63A2F589-4D07-4FEE-A7F1-B7765B164DF2}.Debug|x64.Build.0 = Debug|Any CPU
		{63A2F589-4D07-4FEE-A7F1-B7765B164DF2}.Debug|x86.ActiveCfg = Debug|Any CPU
		{63A2F589-4D07-4FEE-A7F1-B7765B164DF2}.Debug|x86.Build.0 = Debug|Any CPU
		{63A2F589-4D07-4FEE-A7F1-B7765B164DF2}.Release|Any CPU.ActiveCfg = Release|Any CPU
		{63A2F589-4D07-4FEE-A7F1-B7765B164DF2}.Release|Any CPU.Build.0 = Release|Any CPU
		{63A2F589-4D07-4FEE-A7F1-B7765B164DF2}.Release|x64.ActiveCfg = Release|Any CPU
		{63A2F589-4D07-4FEE-A7F1-B7765B164DF2}.Release|x64.Build.0 = Release|Any CPU
		{63A2F589-4D07-4FEE-A7F1-B7765B164DF2}.Release|x86.ActiveCfg = Release|Any CPU
		{63A2F589-4D07-4FEE-A7F1-B7765B164DF2}.Release|x86.Build.0 = Release|Any CPU
		{45814BB2-19EB-4731-8F6C-B934D8DAA196}.Debug|Any CPU.ActiveCfg = Debug|Any CPU
		{45814BB2-19EB-4731-8F6C-B934D8DAA196}.Debug|Any CPU.Build.0 = Debug|Any CPU
		{45814BB2-19EB-4731-8F6C-B934D8DAA196}.Debug|x64.ActiveCfg = Debug|Any CPU
		{45814BB2-19EB-4731-8F6C-B934D8DAA196}.Debug|x64.Build.0 = Debug|Any CPU
		{45814BB2-19EB-4731-8F6C-B934D8DAA196}.Debug|x86.ActiveCfg = Debug|Any CPU
		{45814BB2-19EB-4731-8F6C-B934D8DAA196}.Debug|x86.Build.0 = Debug|Any CPU
		{45814BB2-19EB-4731-8F6C-B934D8DAA196}.Release|Any CPU.ActiveCfg = Release|Any CPU
		{45814BB2-19EB-4731-8F6C-B934D8DAA196}.Release|Any CPU.Build.0 = Release|Any CPU
		{45814BB2-19EB-4731-8F6C-B934D8DAA196}.Release|x64.ActiveCfg = Release|Any CPU
		{45814BB2-19EB-4731-8F6C-B934D8DAA196}.Release|x64.Build.0 = Release|Any CPU
		{45814BB2-19EB-4731-8F6C-B934D8DAA196}.Release|x86.ActiveCfg = Release|Any CPU
		{45814BB2-19EB-4731-8F6C-B934D8DAA196}.Release|x86.Build.0 = Release|Any CPU
		{B6B9177A-0270-41EE-AB2B-720B9C810E27}.Debug|Any CPU.ActiveCfg = Debug|Any CPU
		{B6B9177A-0270-41EE-AB2B-720B9C810E27}.Debug|Any CPU.Build.0 = Debug|Any CPU
		{B6B9177A-0270-41EE-AB2B-720B9C810E27}.Debug|x64.ActiveCfg = Debug|Any CPU
		{B6B9177A-0270-41EE-AB2B-720B9C810E27}.Debug|x64.Build.0 = Debug|Any CPU
		{B6B9177A-0270-41EE-AB2B-720B9C810E27}.Debug|x86.ActiveCfg = Debug|Any CPU
		{B6B9177A-0270-41EE-AB2B-720B9C810E27}.Debug|x86.Build.0 = Debug|Any CPU
		{B6B9177A-0270-41EE-AB2B-720B9C810E27}.Release|Any CPU.ActiveCfg = Release|Any CPU
		{B6B9177A-0270-41EE-AB2B-720B9C810E27}.Release|Any CPU.Build.0 = Release|Any CPU
		{B6B9177A-0270-41EE-AB2B-720B9C810E27}.Release|x64.ActiveCfg = Release|Any CPU
		{B6B9177A-0270-41EE-AB2B-720B9C810E27}.Release|x64.Build.0 = Release|Any CPU
		{B6B9177A-0270-41EE-AB2B-720B9C810E27}.Release|x86.ActiveCfg = Release|Any CPU
		{B6B9177A-0270-41EE-AB2B-720B9C810E27}.Release|x86.Build.0 = Release|Any CPU
		{16DACD5B-B278-4DB5-8251-3F5FD098E54C}.Debug|Any CPU.ActiveCfg = Debug|Any CPU
		{16DACD5B-B278-4DB5-8251-3F5FD098E54C}.Debug|Any CPU.Build.0 = Debug|Any CPU
		{16DACD5B-B278-4DB5-8251-3F5FD098E54C}.Debug|x64.ActiveCfg = Debug|Any CPU
		{16DACD5B-B278-4DB5-8251-3F5FD098E54C}.Debug|x64.Build.0 = Debug|Any CPU
		{16DACD5B-B278-4DB5-8251-3F5FD098E54C}.Debug|x86.ActiveCfg = Debug|Any CPU
		{16DACD5B-B278-4DB5-8251-3F5FD098E54C}.Debug|x86.Build.0 = Debug|Any CPU
		{16DACD5B-B278-4DB5-8251-3F5FD098E54C}.Release|Any CPU.ActiveCfg = Release|Any CPU
		{16DACD5B-B278-4DB5-8251-3F5FD098E54C}.Release|Any CPU.Build.0 = Release|Any CPU
		{16DACD5B-B278-4DB5-8251-3F5FD098E54C}.Release|x64.ActiveCfg = Release|Any CPU
		{16DACD5B-B278-4DB5-8251-3F5FD098E54C}.Release|x64.Build.0 = Release|Any CPU
		{16DACD5B-B278-4DB5-8251-3F5FD098E54C}.Release|x86.ActiveCfg = Release|Any CPU
		{16DACD5B-B278-4DB5-8251-3F5FD098E54C}.Release|x86.Build.0 = Release|Any CPU
	EndGlobalSection
	GlobalSection(SolutionProperties) = preSolution
		HideSolutionNode = FALSE
	EndGlobalSection
	GlobalSection(NestedProjects) = preSolution
		{63A2F589-4D07-4FEE-A7F1-B7765B164DF2} = {41189105-483A-4DEC-92EC-AFC98BCF72CA}
		{45814BB2-19EB-4731-8F6C-B934D8DAA196} = {41189105-483A-4DEC-92EC-AFC98BCF72CA}
		{B6B9177A-0270-41EE-AB2B-720B9C810E27} = {41189105-483A-4DEC-92EC-AFC98BCF72CA}
	EndGlobalSection
	GlobalSection(ExtensibilityGlobals) = postSolution
		SolutionGuid = {9DFF2C03-6B53-413A-A0D8-AEFA39E61741}
	EndGlobalSection
EndGlobal
