
Microsoft Visual Studio Solution File, Format Version 12.00
# Visual Studio Version 16
VisualStudioVersion = 16.0.30717.126
MinimumVisualStudioVersion = 15.0.26124.0
Project("{9A19103F-16F7-4668-BE54-9A1E7A4F7556}") = "Abstractions", "Abstractions.csproj", "{30E4121B-D6D0-42BE-801F-A5BCF248E5E6}"
EndProject
Project("{2150E333-8FDC-42A3-9474-1A3956D46DE8}") = "samples", "samples", "{41189105-483A-4DEC-92EC-AFC98BCF72CA}"
EndProject
Project("{FAE04EC0-301F-11D3-BF4B-00C04F79EFBC}") = "Hello Quad", "..\Hello Quad\Hello Quad.csproj", "{C96F0142-FB6E-4392-96B9-FBD9ADEEEB44}"
EndProject
Global
	GlobalSection(SolutionConfigurationPlatforms) = preSolution
		Debug|Any CPU = Debug|Any CPU
		Debug|x64 = Debug|x64
		Debug|x86 = Debug|x86
		Release|Any CPU = Release|Any CPU
		Release|x64 = Release|x64
		Release|x86 = Release|x86
	EndGlobalSection
	GlobalSection(ProjectConfigurationPlatforms) = postSolution
		{30E4121B-D6D0-42BE-801F-A5BCF248E5E6}.Debug|Any CPU.ActiveCfg = Debug|Any CPU
		{30E4121B-D6D0-42BE-801F-A5BCF248E5E6}.Debug|Any CPU.Build.0 = Debug|Any CPU
		{30E4121B-D6D0-42BE-801F-A5BCF248E5E6}.Debug|x64.ActiveCfg = Debug|Any CPU
		{30E4121B-D6D0-42BE-801F-A5BCF248E5E6}.Debug|x64.Build.0 = Debug|Any CPU
		{30E4121B-D6D0-42BE-801F-A5BCF248E5E6}.Debug|x86.ActiveCfg = Debug|Any CPU
		{30E4121B-D6D0-42BE-801F-A5BCF248E5E6}.Debug|x86.Build.0 = Debug|Any CPU
		{30E4121B-D6D0-42BE-801F-A5BCF248E5E6}.Release|Any CPU.ActiveCfg = Release|Any CPU
		{30E4121B-D6D0-42BE-801F-A5BCF248E5E6}.Release|Any CPU.Build.0 = Release|Any CPU
		{30E4121B-D6D0-42BE-801F-A5BCF248E5E6}.Release|x64.ActiveCfg = Release|Any CPU
		{30E4121B-D6D0-42BE-801F-A5BCF248E5E6}.Release|x64.Build.0 = Release|Any CPU
		{30E4121B-D6D0-42BE-801F-A5BCF248E5E6}.Release|x86.ActiveCfg = Release|Any CPU
		{30E4121B-D6D0-42BE-801F-A5BCF248E5E6}.Release|x86.Build.0 = Release|Any CPU
		{C96F0142-FB6E-4392-96B9-FBD9ADEEEB44}.Debug|Any CPU.ActiveCfg = Debug|Any CPU
		{C96F0142-FB6E-4392-96B9-FBD9ADEEEB44}.Debug|Any CPU.Build.0 = Debug|Any CPU
		{C96F0142-FB6E-4392-96B9-FBD9ADEEEB44}.Debug|x64.ActiveCfg = Debug|Any CPU
		{C96F0142-FB6E-4392-96B9-FBD9ADEEEB44}.Debug|x64.Build.0 = Debug|Any CPU
		{C96F0142-FB6E-4392-96B9-FBD9ADEEEB44}.Debug|x86.ActiveCfg = Debug|Any CPU
		{C96F0142-FB6E-4392-96B9-FBD9ADEEEB44}.Debug|x86.Build.0 = Debug|Any CPU
		{C96F0142-FB6E-4392-96B9-FBD9ADEEEB44}.Release|Any CPU.ActiveCfg = Release|Any CPU
		{C96F0142-FB6E-4392-96B9-FBD9ADEEEB44}.Release|Any CPU.Build.0 = Release|Any CPU
		{C96F0142-FB6E-4392-96B9-FBD9ADEEEB44}.Release|x64.ActiveCfg = Release|Any CPU
		{C96F0142-FB6E-4392-96B9-FBD9ADEEEB44}.Release|x64.Build.0 = Release|Any CPU
		{C96F0142-FB6E-4392-96B9-FBD9ADEEEB44}.Release|x86.ActiveCfg = Release|Any CPU
		{C96F0142-FB6E-4392-96B9-FBD9ADEEEB44}.Release|x86.Build.0 = Release|Any CPU
	EndGlobalSection
	GlobalSection(SolutionProperties) = preSolution
		HideSolutionNode = FALSE
	EndGlobalSection
	GlobalSection(NestedProjects) = preSolution
		{C96F0142-FB6E-4392-96B9-FBD9ADEEEB44} = {41189105-483A-4DEC-92EC-AFC98BCF72CA}
	EndGlobalSection
	GlobalSection(ExtensibilityGlobals) = postSolution
		SolutionGuid = {9DFF2C03-6B53-413A-A0D8-AEFA39E61741}
	EndGlobalSection
EndGlobal
